
Microsoft Visual Studio Solution File, Format Version 12.00
Project("{F2A71F9B-5D33-465A-A702-920D77279786}") = "App", "src\visualizations\App.fsproj", "{6AE5E469-303F-40C0-A55E-77CFFE077738}"
EndProject
Project("{F2A71F9B-5D33-465A-A702-920D77279786}") = "Visualizations.Tests", "tests\Visualizations.Tests\Visualizations.Tests.fsproj", "{037E7FEC-664B-4D24-BC9D-736AF1A83AE7}"
EndProject
Project("{2150E333-8FDC-42A3-9474-1A3956D46DE8}") = "translations", "translations", "{6D278828-BDC8-4FB6-BCF6-F9F7BA41E7A5}"
ProjectSection(SolutionItems) = preProject
	src\locales\de.json = src\locales\de.json
	src\locales\en.json = src\locales\en.json
	src\locales\hr.json = src\locales\hr.json
	src\locales\it.json = src\locales\it.json
	src\locales\mk.json = src\locales\mk.json
	src\locales\README.md = src\locales\README.md
	src\locales\ru.json = src\locales\ru.json
	src\locales\sl.json = src\locales\sl.json
	src\locales\sq.json = src\locales\sq.json
EndProjectSection
EndProject
Project("{2150E333-8FDC-42A3-9474-1A3956D46DE8}") = "solution files ", "solution files ", "{3D055891-6F20-4419-A4AA-6CE470B420E4}"
ProjectSection(SolutionItems) = preProject
	babel.config.js = babel.config.js
	build.bat = build.bat
	package.json = package.json
	README.md = README.md
	TODO.md = TODO.md
	vue.config.js = vue.config.js
	fsharplint-config.json = fsharplint-config.json
EndProjectSection
EndProject
Project("{F2A71F9B-5D33-465A-A702-920D77279786}") = "Owid.Analyzer", "Owid.Analyzer\Owid.Analyzer.fsproj", "{D5A56421-F648-49B1-8DAD-53117E9C1BD8}"
EndProject
Global
	GlobalSection(SolutionConfigurationPlatforms) = preSolution
		Debug|Any CPU = Debug|Any CPU
		Release|Any CPU = Release|Any CPU
	EndGlobalSection
	GlobalSection(ProjectConfigurationPlatforms) = postSolution
		{6AE5E469-303F-40C0-A55E-77CFFE077738}.Debug|Any CPU.ActiveCfg = Debug|Any CPU
		{6AE5E469-303F-40C0-A55E-77CFFE077738}.Debug|Any CPU.Build.0 = Debug|Any CPU
		{6AE5E469-303F-40C0-A55E-77CFFE077738}.Release|Any CPU.ActiveCfg = Release|Any CPU
		{6AE5E469-303F-40C0-A55E-77CFFE077738}.Release|Any CPU.Build.0 = Release|Any CPU
		{037E7FEC-664B-4D24-BC9D-736AF1A83AE7}.Debug|Any CPU.ActiveCfg = Debug|Any CPU
		{037E7FEC-664B-4D24-BC9D-736AF1A83AE7}.Debug|Any CPU.Build.0 = Debug|Any CPU
		{037E7FEC-664B-4D24-BC9D-736AF1A83AE7}.Release|Any CPU.ActiveCfg = Release|Any CPU
		{037E7FEC-664B-4D24-BC9D-736AF1A83AE7}.Release|Any CPU.Build.0 = Release|Any CPU
		{D5A56421-F648-49B1-8DAD-53117E9C1BD8}.Debug|Any CPU.ActiveCfg = Debug|Any CPU
		{D5A56421-F648-49B1-8DAD-53117E9C1BD8}.Debug|Any CPU.Build.0 = Debug|Any CPU
		{D5A56421-F648-49B1-8DAD-53117E9C1BD8}.Release|Any CPU.ActiveCfg = Release|Any CPU
		{D5A56421-F648-49B1-8DAD-53117E9C1BD8}.Release|Any CPU.Build.0 = Release|Any CPU
	EndGlobalSection
EndGlobal
